
Microsoft Visual Studio Solution File, Format Version 12.00
# Visual Studio Version 17
VisualStudioVersion = 17.10.34916.146
MinimumVisualStudioVersion = 10.0.40219.1
Project("{FAE04EC0-301F-11D3-BF4B-00C04F79EFBC}") = "tour and travel", "tour and travel\tour and travel.csproj", "{AE4C0598-E0C3-4CD7-89EC-5810898B21AA}"
EndProject
Global
	GlobalSection(SolutionConfigurationPlatforms) = preSolution
		Debug|Any CPU = Debug|Any CPU
		Release|Any CPU = Release|Any CPU
	EndGlobalSection
	GlobalSection(ProjectConfigurationPlatforms) = postSolution
		{AE4C0598-E0C3-4CD7-89EC-5810898B21AA}.Debug|Any CPU.ActiveCfg = Debug|Any CPU
		{AE4C0598-E0C3-4CD7-89EC-5810898B21AA}.Debug|Any CPU.Build.0 = Debug|Any CPU
		{AE4C0598-E0C3-4CD7-89EC-5810898B21AA}.Release|Any CPU.ActiveCfg = Release|Any CPU
		{AE4C0598-E0C3-4CD7-89EC-5810898B21AA}.Release|Any CPU.Build.0 = Release|Any CPU
	EndGlobalSection
	GlobalSection(SolutionProperties) = preSolution
		HideSolutionNode = FALSE
	EndGlobalSection
	GlobalSection(ExtensibilityGlobals) = postSolution
		SolutionGuid = {19299FD0-B226-41FC-86D1-1CBDAF5E12F0}
	EndGlobalSection
EndGlobal
